
Microsoft Visual Studio Solution File, Format Version 12.00
# Visual Studio Version 17
VisualStudioVersion = 17.4.33122.133
MinimumVisualStudioVersion = 10.0.40219.1
Project("{FAE04EC0-301F-11D3-BF4B-00C04F79EFBC}") = "QrCodeOlustur", "QrCodeOlustur\QrCodeOlustur.csproj", "{1E054F6D-8F0D-43A0-B1C8-881A642E2A6B}"
EndProject
Global
	GlobalSection(SolutionConfigurationPlatforms) = preSolution
		Debug|Any CPU = Debug|Any CPU
		Release|Any CPU = Release|Any CPU
	EndGlobalSection
	GlobalSection(ProjectConfigurationPlatforms) = postSolution
		{1E054F6D-8F0D-43A0-B1C8-881A642E2A6B}.Debug|Any CPU.ActiveCfg = Debug|Any CPU
		{1E054F6D-8F0D-43A0-B1C8-881A642E2A6B}.Debug|Any CPU.Build.0 = Debug|Any CPU
		{1E054F6D-8F0D-43A0-B1C8-881A642E2A6B}.Release|Any CPU.ActiveCfg = Release|Any CPU
		{1E054F6D-8F0D-43A0-B1C8-881A642E2A6B}.Release|Any CPU.Build.0 = Release|Any CPU
	EndGlobalSection
	GlobalSection(SolutionProperties) = preSolution
		HideSolutionNode = FALSE
	EndGlobalSection
	GlobalSection(ExtensibilityGlobals) = postSolution
		SolutionGuid = {E653EA50-939E-45EA-BB29-21F6A879782C}
	EndGlobalSection
EndGlobal
